
Microsoft Visual Studio Solution File, Format Version 12.00
# Visual Studio Version 17
VisualStudioVersion = 17.5.33627.172
MinimumVisualStudioVersion = 10.0.40219.1
Project("{9A19103F-16F7-4668-BE54-9A1E7A4F7556}") = "Notes.API", "Notes.API\Notes.API.csproj", "{33BE0E2B-1805-4217-8EED-5F4CC005781D}"
EndProject
Project("{9A19103F-16F7-4668-BE54-9A1E7A4F7556}") = "Notes.Application", "Notes.Application\Notes.Application.csproj", "{A21602CB-BFA2-4DD1-B437-786B224D6489}"
EndProject
Project("{9A19103F-16F7-4668-BE54-9A1E7A4F7556}") = "Notes.DataTransferObjects", "Notes.DataTransferObjects\Notes.DataTransferObjects.csproj", "{3BFB4683-E69B-42AE-899D-711CF94F195F}"
EndProject
Project("{9A19103F-16F7-4668-BE54-9A1E7A4F7556}") = "Notes.Persistence", "Notes.Persistence\Notes.Persistence.csproj", "{ACB248A7-6322-49B2-BDAF-A21E0872B0A8}"
EndProject
Project("{9A19103F-16F7-4668-BE54-9A1E7A4F7556}") = "Notes.Domain", "Notes.Domain\Notes.Domain.csproj", "{30749B7C-B51C-4F1B-977F-C3DB45194D30}"
EndProject
Project("{9A19103F-16F7-4668-BE54-9A1E7A4F7556}") = "Notes.Blazor", "Notes.Blazor\Notes.Blazor.csproj", "{3EAE89C1-3792-4B93-8928-226D5C5C551C}"
EndProject
Global
	GlobalSection(SolutionConfigurationPlatforms) = preSolution
		Debug|Any CPU = Debug|Any CPU
		Release|Any CPU = Release|Any CPU
	EndGlobalSection
	GlobalSection(ProjectConfigurationPlatforms) = postSolution
		{33BE0E2B-1805-4217-8EED-5F4CC005781D}.Debug|Any CPU.ActiveCfg = Debug|Any CPU
		{33BE0E2B-1805-4217-8EED-5F4CC005781D}.Debug|Any CPU.Build.0 = Debug|Any CPU
		{33BE0E2B-1805-4217-8EED-5F4CC005781D}.Release|Any CPU.ActiveCfg = Release|Any CPU
		{33BE0E2B-1805-4217-8EED-5F4CC005781D}.Release|Any CPU.Build.0 = Release|Any CPU
		{A21602CB-BFA2-4DD1-B437-786B224D6489}.Debug|Any CPU.ActiveCfg = Debug|Any CPU
		{A21602CB-BFA2-4DD1-B437-786B224D6489}.Debug|Any CPU.Build.0 = Debug|Any CPU
		{A21602CB-BFA2-4DD1-B437-786B224D6489}.Release|Any CPU.ActiveCfg = Release|Any CPU
		{A21602CB-BFA2-4DD1-B437-786B224D6489}.Release|Any CPU.Build.0 = Release|Any CPU
		{3BFB4683-E69B-42AE-899D-711CF94F195F}.Debug|Any CPU.ActiveCfg = Debug|Any CPU
		{3BFB4683-E69B-42AE-899D-711CF94F195F}.Debug|Any CPU.Build.0 = Debug|Any CPU
		{3BFB4683-E69B-42AE-899D-711CF94F195F}.Release|Any CPU.ActiveCfg = Release|Any CPU
		{3BFB4683-E69B-42AE-899D-711CF94F195F}.Release|Any CPU.Build.0 = Release|Any CPU
		{ACB248A7-6322-49B2-BDAF-A21E0872B0A8}.Debug|Any CPU.ActiveCfg = Debug|Any CPU
		{ACB248A7-6322-49B2-BDAF-A21E0872B0A8}.Debug|Any CPU.Build.0 = Debug|Any CPU
		{ACB248A7-6322-49B2-BDAF-A21E0872B0A8}.Release|Any CPU.ActiveCfg = Release|Any CPU
		{ACB248A7-6322-49B2-BDAF-A21E0872B0A8}.Release|Any CPU.Build.0 = Release|Any CPU
		{30749B7C-B51C-4F1B-977F-C3DB45194D30}.Debug|Any CPU.ActiveCfg = Debug|Any CPU
		{30749B7C-B51C-4F1B-977F-C3DB45194D30}.Debug|Any CPU.Build.0 = Debug|Any CPU
		{30749B7C-B51C-4F1B-977F-C3DB45194D30}.Release|Any CPU.ActiveCfg = Release|Any CPU
		{30749B7C-B51C-4F1B-977F-C3DB45194D30}.Release|Any CPU.Build.0 = Release|Any CPU
		{3EAE89C1-3792-4B93-8928-226D5C5C551C}.Debug|Any CPU.ActiveCfg = Debug|Any CPU
		{3EAE89C1-3792-4B93-8928-226D5C5C551C}.Debug|Any CPU.Build.0 = Debug|Any CPU
		{3EAE89C1-3792-4B93-8928-226D5C5C551C}.Release|Any CPU.ActiveCfg = Release|Any CPU
		{3EAE89C1-3792-4B93-8928-226D5C5C551C}.Release|Any CPU.Build.0 = Release|Any CPU
	EndGlobalSection
	GlobalSection(SolutionProperties) = preSolution
		HideSolutionNode = FALSE
	EndGlobalSection
	GlobalSection(ExtensibilityGlobals) = postSolution
		SolutionGuid = {67CDD5B6-3CE6-4959-9DF6-28CB30282949}
	EndGlobalSection
EndGlobal
